
Microsoft Visual Studio Solution File, Format Version 12.00
# Visual Studio 15
VisualStudioVersion = 15.0.28010.2036
MinimumVisualStudioVersion = 10.0.40219.1
Project("{9A19103F-16F7-4668-BE54-9A1E7A4F7556}") = "InterviewTest", "InterviewTest\InterviewTest.csproj", "{FF885E8B-5F05-4C8F-B56A-06C795F5649C}"
EndProject
Project("{E24C65DC-7377-472B-9ABA-BC803B73C61A}") = "FrontEnd", "FrontEnd\", "{CB3D929A-FA2E-4A6A-9C8F-B3768F42AFD3}"
	ProjectSection(WebsiteProperties) = preProject
		TargetFrameworkMoniker = ".NETFramework,Version%3Dv4.0"
		Debug.AspNetCompiler.VirtualPath = "/localhost_64428"
		Debug.AspNetCompiler.PhysicalPath = "FrontEnd\"
		Debug.AspNetCompiler.TargetPath = "PrecompiledWeb\localhost_64428\"
		Debug.AspNetCompiler.Updateable = "true"
		Debug.AspNetCompiler.ForceOverwrite = "true"
		Debug.AspNetCompiler.FixedNames = "false"
		Debug.AspNetCompiler.Debug = "True"
		Release.AspNetCompiler.VirtualPath = "/localhost_64428"
		Release.AspNetCompiler.PhysicalPath = "FrontEnd\"
		Release.AspNetCompiler.TargetPath = "PrecompiledWeb\localhost_64428\"
		Release.AspNetCompiler.Updateable = "true"
		Release.AspNetCompiler.ForceOverwrite = "true"
		Release.AspNetCompiler.FixedNames = "false"
		Release.AspNetCompiler.Debug = "False"
		VWDPort = "64428"
		SlnRelativePath = "FrontEnd\"
	EndProjectSection
EndProject
Global
	GlobalSection(SolutionConfigurationPlatforms) = preSolution
		Debug|Any CPU = Debug|Any CPU
		Release|Any CPU = Release|Any CPU
	EndGlobalSection
	GlobalSection(ProjectConfigurationPlatforms) = postSolution
		{FF885E8B-5F05-4C8F-B56A-06C795F5649C}.Debug|Any CPU.ActiveCfg = Debug|Any CPU
		{FF885E8B-5F05-4C8F-B56A-06C795F5649C}.Debug|Any CPU.Build.0 = Debug|Any CPU
		{FF885E8B-5F05-4C8F-B56A-06C795F5649C}.Release|Any CPU.ActiveCfg = Release|Any CPU
		{FF885E8B-5F05-4C8F-B56A-06C795F5649C}.Release|Any CPU.Build.0 = Release|Any CPU
		{CB3D929A-FA2E-4A6A-9C8F-B3768F42AFD3}.Debug|Any CPU.ActiveCfg = Debug|Any CPU
		{CB3D929A-FA2E-4A6A-9C8F-B3768F42AFD3}.Debug|Any CPU.Build.0 = Debug|Any CPU
		{CB3D929A-FA2E-4A6A-9C8F-B3768F42AFD3}.Release|Any CPU.ActiveCfg = Debug|Any CPU
		{CB3D929A-FA2E-4A6A-9C8F-B3768F42AFD3}.Release|Any CPU.Build.0 = Debug|Any CPU
	EndGlobalSection
	GlobalSection(SolutionProperties) = preSolution
		HideSolutionNode = FALSE
	EndGlobalSection
	GlobalSection(ExtensibilityGlobals) = postSolution
		SolutionGuid = {B931B2E0-5863-4E6C-B3EC-2F63041A0C07}
	EndGlobalSection
EndGlobal
